
Microsoft Visual Studio Solution File, Format Version 12.00
# Visual Studio Version 16
VisualStudioVersion = 16.0.29123.88
MinimumVisualStudioVersion = 10.0.40219.1
Project("{9A19103F-16F7-4668-BE54-9A1E7A4F7556}") = "Okolni.Source.Query", "Okolni.Source.Query\Okolni.Source.Query.csproj", "{EA8C8BB3-74BF-4C47-B559-EE39631B2CD0}"
EndProject
Project("{9A19103F-16F7-4668-BE54-9A1E7A4F7556}") = "Okolni.Source.Example", "Okolni.Source.Example\Okolni.Source.Example.csproj", "{82486710-5210-40C0-AA00-2C425735FDA6}"
EndProject
Global
	GlobalSection(SolutionConfigurationPlatforms) = preSolution
		Debug|Any CPU = Debug|Any CPU
		Release|Any CPU = Release|Any CPU
	EndGlobalSection
	GlobalSection(ProjectConfigurationPlatforms) = postSolution
		{EA8C8BB3-74BF-4C47-B559-EE39631B2CD0}.Debug|Any CPU.ActiveCfg = Debug|Any CPU
		{EA8C8BB3-74BF-4C47-B559-EE39631B2CD0}.Debug|Any CPU.Build.0 = Debug|Any CPU
		{EA8C8BB3-74BF-4C47-B559-EE39631B2CD0}.Release|Any CPU.ActiveCfg = Release|Any CPU
		{EA8C8BB3-74BF-4C47-B559-EE39631B2CD0}.Release|Any CPU.Build.0 = Release|Any CPU
		{82486710-5210-40C0-AA00-2C425735FDA6}.Debug|Any CPU.ActiveCfg = Debug|Any CPU
		{82486710-5210-40C0-AA00-2C425735FDA6}.Debug|Any CPU.Build.0 = Debug|Any CPU
		{82486710-5210-40C0-AA00-2C425735FDA6}.Release|Any CPU.ActiveCfg = Release|Any CPU
		{82486710-5210-40C0-AA00-2C425735FDA6}.Release|Any CPU.Build.0 = Release|Any CPU
	EndGlobalSection
	GlobalSection(SolutionProperties) = preSolution
		HideSolutionNode = FALSE
	EndGlobalSection
	GlobalSection(ExtensibilityGlobals) = postSolution
		SolutionGuid = {966AAAE9-50A7-466D-BA56-41C237BB3CBA}
	EndGlobalSection
EndGlobal
